// !$*UTF8*$!
{
	archiveVersion = 1;
	classes = {
	};
	objectVersion = 51;
	objects = {

/* Begin PBXBuildFile section */
		654D05AC28C3FB860074D9D7 /* AppDelegate.swift in Sources */ = {isa = PBXBuildFile; fileRef = 654D05AB28C3FB860074D9D7 /* AppDelegate.swift */; };
		654D05AE28C3FB860074D9D7 /* SceneDelegate.swift in Sources */ = {isa = PBXBuildFile; fileRef = 654D05AD28C3FB860074D9D7 /* SceneDelegate.swift */; };
		654D05B128C3FB860074D9D7 /* news.xcdatamodeld in Sources */ = {isa = PBXBuildFile; fileRef = 654D05AF28C3FB860074D9D7 /* news.xcdatamodeld */; };
		654D05B328C3FB860074D9D7 /* ContentView.swift in Sources */ = {isa = PBXBuildFile; fileRef = 654D05B228C3FB860074D9D7 /* ContentView.swift */; };
		654D05B528C3FB890074D9D7 /* Assets.xcassets in Resources */ = {isa = PBXBuildFile; fileRef = 654D05B428C3FB890074D9D7 /* Assets.xcassets */; };
		654D05B828C3FB890074D9D7 /* Preview Assets.xcassets in Resources */ = {isa = PBXBuildFile; fileRef = 654D05B728C3FB890074D9D7 /* Preview Assets.xcassets */; };
		654D05BB28C3FB890074D9D7 /* LaunchScreen.storyboard in Resources */ = {isa = PBXBuildFile; fileRef = 654D05B928C3FB890074D9D7 /* LaunchScreen.storyboard */; };
		654D05C628C3FB890074D9D7 /* newsTests.swift in Sources */ = {isa = PBXBuildFile; fileRef = 654D05C528C3FB890074D9D7 /* newsTests.swift */; };
		654D05D128C3FB890074D9D7 /* newsUITests.swift in Sources */ = {isa = PBXBuildFile; fileRef = 654D05D028C3FB890074D9D7 /* newsUITests.swift */; };
		654D05E728C4026B0074D9D7 /* open-sans.bold.ttf in Resources */ = {isa = PBXBuildFile; fileRef = 654D05E528C4026A0074D9D7 /* open-sans.bold.ttf */; };
		654D05E828C4026B0074D9D7 /* open-sans.regular.ttf in Resources */ = {isa = PBXBuildFile; fileRef = 654D05E628C4026B0074D9D7 /* open-sans.regular.ttf */; };
		654D05F728C403B30074D9D7 /* 404-not-found-page.json in Resources */ = {isa = PBXBuildFile; fileRef = 654D05F528C403B20074D9D7 /* 404-not-found-page.json */; };
		654D05F828C403B30074D9D7 /* searching.json in Resources */ = {isa = PBXBuildFile; fileRef = 654D05F628C403B20074D9D7 /* searching.json */; };
		654D05FF28C403C10074D9D7 /* Dictionary.swift in Sources */ = {isa = PBXBuildFile; fileRef = 654D05F928C403BE0074D9D7 /* Dictionary.swift */; };
		654D060028C403C10074D9D7 /* MyImage.swift in Sources */ = {isa = PBXBuildFile; fileRef = 654D05FA28C403BF0074D9D7 /* MyImage.swift */; };
		654D060128C403C10074D9D7 /* MyColor.swift in Sources */ = {isa = PBXBuildFile; fileRef = 654D05FB28C403C00074D9D7 /* MyColor.swift */; };
		654D060228C403C10074D9D7 /* FontStyle.swift in Sources */ = {isa = PBXBuildFile; fileRef = 654D05FC28C403C00074D9D7 /* FontStyle.swift */; };
		654D060328C403C10074D9D7 /* LottieFileView.swift in Sources */ = {isa = PBXBuildFile; fileRef = 654D05FD28C403C10074D9D7 /* LottieFileView.swift */; };
		654D060428C403C10074D9D7 /* SnackBar.swift in Sources */ = {isa = PBXBuildFile; fileRef = 654D05FE28C403C10074D9D7 /* SnackBar.swift */; };
		654D060728C403D30074D9D7 /* RegisterScreen.swift in Sources */ = {isa = PBXBuildFile; fileRef = 654D060528C403D20074D9D7 /* RegisterScreen.swift */; };
		654D060828C403D30074D9D7 /* LoginScreen.swift in Sources */ = {isa = PBXBuildFile; fileRef = 654D060628C403D30074D9D7 /* LoginScreen.swift */; };
		654D060C28C403E30074D9D7 /* HomeScreen.swift in Sources */ = {isa = PBXBuildFile; fileRef = 654D060928C403E20074D9D7 /* HomeScreen.swift */; };
		654D060D28C403E30074D9D7 /* Menu_view.swift in Sources */ = {isa = PBXBuildFile; fileRef = 654D060A28C403E20074D9D7 /* Menu_view.swift */; };
		654D060E28C403E30074D9D7 /* TabView.swift in Sources */ = {isa = PBXBuildFile; fileRef = 654D060B28C403E30074D9D7 /* TabView.swift */; };
		654D061028C404400074D9D7 /* WelcomeScreen.swift in Sources */ = {isa = PBXBuildFile; fileRef = 654D060F28C404400074D9D7 /* WelcomeScreen.swift */; };
		654D061228C407210074D9D7 /* GoogleService-Info.plist in Resources */ = {isa = PBXBuildFile; fileRef = 654D061128C407210074D9D7 /* GoogleService-Info.plist */; };
		654D061A28C48CB70074D9D7 /* ForgetPassword.swift in Sources */ = {isa = PBXBuildFile; fileRef = 654D061928C48CB70074D9D7 /* ForgetPassword.swift */; };
		654D061C28C497CA0074D9D7 /* InputTextfieldView.swift in Sources */ = {isa = PBXBuildFile; fileRef = 654D061B28C497CA0074D9D7 /* InputTextfieldView.swift */; };
		654D062528C4BA4D0074D9D7 /* ListSearch.swift in Sources */ = {isa = PBXBuildFile; fileRef = 654D062428C4BA4D0074D9D7 /* ListSearch.swift */; };
		654D062D28C5065B0074D9D7 /* ListNewsModels.swift in Sources */ = {isa = PBXBuildFile; fileRef = 654D062C28C5065B0074D9D7 /* ListNewsModels.swift */; };
		654D069728C5CFCC0074D9D7 /* launcher.png in Resources */ = {isa = PBXBuildFile; fileRef = 654D069628C5CFCC0074D9D7 /* launcher.png */; };
		654D069B28C5D1F50074D9D7 /* InputSecureFieldView.swift in Sources */ = {isa = PBXBuildFile; fileRef = 654D069A28C5D1F50074D9D7 /* InputSecureFieldView.swift */; };
		654D069D28C5DF980074D9D7 /* ErrorView.swift in Sources */ = {isa = PBXBuildFile; fileRef = 654D069C28C5DF980074D9D7 /* ErrorView.swift */; };
		654D069F28C5E4810074D9D7 /* CustomButton.swift in Sources */ = {isa = PBXBuildFile; fileRef = 654D069E28C5E4810074D9D7 /* CustomButton.swift */; };
		654D06A628C5F1BE0074D9D7 /* ListNewsView.swift in Sources */ = {isa = PBXBuildFile; fileRef = 654D06A528C5F1BE0074D9D7 /* ListNewsView.swift */; };
		654D06A928C5F7260074D9D7 /* ImageCarouselView.swift in Sources */ = {isa = PBXBuildFile; fileRef = 654D06A828C5F7260074D9D7 /* ImageCarouselView.swift */; };
		654D06AD28C600E00074D9D7 /* ImageCarouselViewRounded.swift in Sources */ = {isa = PBXBuildFile; fileRef = 654D06AC28C600E00074D9D7 /* ImageCarouselViewRounded.swift */; };
		654D06AF28C604740074D9D7 /* CardView.swift in Sources */ = {isa = PBXBuildFile; fileRef = 654D06AE28C604740074D9D7 /* CardView.swift */; };
		654D06B228C608460074D9D7 /* NewsViewModel.swift in Sources */ = {isa = PBXBuildFile; fileRef = 654D06B128C608460074D9D7 /* NewsViewModel.swift */; };
		789B6F643A6C06157A01ABAF /* Pods_news.framework in Frameworks */ = {isa = PBXBuildFile; fileRef = 5A1C5D699C95E32EE6925CD9 /* Pods_news.framework */; };
		AEC45D0D3C58ABBCEFCED899 /* Pods_news_newsUITests.framework in Frameworks */ = {isa = PBXBuildFile; fileRef = E9ABF06F8356E88EADB415B0 /* Pods_news_newsUITests.framework */; };
		BE0EAF2754500585BE90A281 /* Pods_newsTests.framework in Frameworks */ = {isa = PBXBuildFile; fileRef = 20891F509FD2922184FB4146 /* Pods_newsTests.framework */; };
/* End PBXBuildFile section */

/* Begin PBXContainerItemProxy section */
		654D05C228C3FB890074D9D7 /* PBXContainerItemProxy */ = {
			isa = PBXContainerItemProxy;
			containerPortal = 654D05A028C3FB860074D9D7 /* Project object */;
			proxyType = 1;
			remoteGlobalIDString = 654D05A728C3FB860074D9D7;
			remoteInfo = news;
		};
		654D05CD28C3FB890074D9D7 /* PBXContainerItemProxy */ = {
			isa = PBXContainerItemProxy;
			containerPortal = 654D05A028C3FB860074D9D7 /* Project object */;
			proxyType = 1;
			remoteGlobalIDString = 654D05A728C3FB860074D9D7;
			remoteInfo = news;
		};
/* End PBXContainerItemProxy section */

/* Begin PBXFileReference section */
		20891F509FD2922184FB4146 /* Pods_newsTests.framework */ = {isa = PBXFileReference; explicitFileType = wrapper.framework; includeInIndex = 0; path = Pods_newsTests.framework; sourceTree = BUILT_PRODUCTS_DIR; };
		286F59A69D0344DA703811C6 /* Pods-newsTests.release.xcconfig */ = {isa = PBXFileReference; includeInIndex = 1; lastKnownFileType = text.xcconfig; name = "Pods-newsTests.release.xcconfig"; path = "Target Support Files/Pods-newsTests/Pods-newsTests.release.xcconfig"; sourceTree = "<group>"; };
		2A7151A256DD2B265E23F3D1 /* Pods-news.debug.xcconfig */ = {isa = PBXFileReference; includeInIndex = 1; lastKnownFileType = text.xcconfig; name = "Pods-news.debug.xcconfig"; path = "Target Support Files/Pods-news/Pods-news.debug.xcconfig"; sourceTree = "<group>"; };
		5A1C5D699C95E32EE6925CD9 /* Pods_news.framework */ = {isa = PBXFileReference; explicitFileType = wrapper.framework; includeInIndex = 0; path = Pods_news.framework; sourceTree = BUILT_PRODUCTS_DIR; };
		654D05A828C3FB860074D9D7 /* news.app */ = {isa = PBXFileReference; explicitFileType = wrapper.application; includeInIndex = 0; path = news.app; sourceTree = BUILT_PRODUCTS_DIR; };
		654D05AB28C3FB860074D9D7 /* AppDelegate.swift */ = {isa = PBXFileReference; lastKnownFileType = sourcecode.swift; path = AppDelegate.swift; sourceTree = "<group>"; };
		654D05AD28C3FB860074D9D7 /* SceneDelegate.swift */ = {isa = PBXFileReference; lastKnownFileType = sourcecode.swift; path = SceneDelegate.swift; sourceTree = "<group>"; };
		654D05B028C3FB860074D9D7 /* news.xcdatamodel */ = {isa = PBXFileReference; lastKnownFileType = wrapper.xcdatamodel; path = news.xcdatamodel; sourceTree = "<group>"; };
		654D05B228C3FB860074D9D7 /* ContentView.swift */ = {isa = PBXFileReference; lastKnownFileType = sourcecode.swift; path = ContentView.swift; sourceTree = "<group>"; };
		654D05B428C3FB890074D9D7 /* Assets.xcassets */ = {isa = PBXFileReference; lastKnownFileType = folder.assetcatalog; path = Assets.xcassets; sourceTree = "<group>"; };
		654D05B728C3FB890074D9D7 /* Preview Assets.xcassets */ = {isa = PBXFileReference; lastKnownFileType = folder.assetcatalog; path = "Preview Assets.xcassets"; sourceTree = "<group>"; };
		654D05BA28C3FB890074D9D7 /* Base */ = {isa = PBXFileReference; lastKnownFileType = file.storyboard; name = Base; path = Base.lproj/LaunchScreen.storyboard; sourceTree = "<group>"; };
		654D05BC28C3FB890074D9D7 /* Info.plist */ = {isa = PBXFileReference; lastKnownFileType = text.plist.xml; path = Info.plist; sourceTree = "<group>"; };
		654D05C128C3FB890074D9D7 /* newsTests.xctest */ = {isa = PBXFileReference; explicitFileType = wrapper.cfbundle; includeInIndex = 0; path = newsTests.xctest; sourceTree = BUILT_PRODUCTS_DIR; };
		654D05C528C3FB890074D9D7 /* newsTests.swift */ = {isa = PBXFileReference; lastKnownFileType = sourcecode.swift; path = newsTests.swift; sourceTree = "<group>"; };
		654D05C728C3FB890074D9D7 /* Info.plist */ = {isa = PBXFileReference; lastKnownFileType = text.plist.xml; path = Info.plist; sourceTree = "<group>"; };
		654D05CC28C3FB890074D9D7 /* newsUITests.xctest */ = {isa = PBXFileReference; explicitFileType = wrapper.cfbundle; includeInIndex = 0; path = newsUITests.xctest; sourceTree = BUILT_PRODUCTS_DIR; };
		654D05D028C3FB890074D9D7 /* newsUITests.swift */ = {isa = PBXFileReference; lastKnownFileType = sourcecode.swift; path = newsUITests.swift; sourceTree = "<group>"; };
		654D05D228C3FB890074D9D7 /* Info.plist */ = {isa = PBXFileReference; lastKnownFileType = text.plist.xml; path = Info.plist; sourceTree = "<group>"; };
		654D05E528C4026A0074D9D7 /* open-sans.bold.ttf */ = {isa = PBXFileReference; lastKnownFileType = file; path = "open-sans.bold.ttf"; sourceTree = "<group>"; };
		654D05E628C4026B0074D9D7 /* open-sans.regular.ttf */ = {isa = PBXFileReference; lastKnownFileType = file; path = "open-sans.regular.ttf"; sourceTree = "<group>"; };
		654D05E928C402730074D9D7 /* Potential Light.ttf */ = {isa = PBXFileReference; lastKnownFileType = file; path = "Potential Light.ttf"; sourceTree = "<group>"; };
		654D05EA28C402730074D9D7 /* Potential Bold.ttf */ = {isa = PBXFileReference; lastKnownFileType = file; path = "Potential Bold.ttf"; sourceTree = "<group>"; };
		654D05F528C403B20074D9D7 /* 404-not-found-page.json */ = {isa = PBXFileReference; fileEncoding = 4; lastKnownFileType = text.json; path = "404-not-found-page.json"; sourceTree = "<group>"; };
		654D05F628C403B20074D9D7 /* searching.json */ = {isa = PBXFileReference; fileEncoding = 4; lastKnownFileType = text.json; path = searching.json; sourceTree = "<group>"; };
		654D05F928C403BE0074D9D7 /* Dictionary.swift */ = {isa = PBXFileReference; fileEncoding = 4; lastKnownFileType = sourcecode.swift; path = Dictionary.swift; sourceTree = "<group>"; };
		654D05FA28C403BF0074D9D7 /* MyImage.swift */ = {isa = PBXFileReference; fileEncoding = 4; lastKnownFileType = sourcecode.swift; path = MyImage.swift; sourceTree = "<group>"; };
		654D05FB28C403C00074D9D7 /* MyColor.swift */ = {isa = PBXFileReference; fileEncoding = 4; lastKnownFileType = sourcecode.swift; path = MyColor.swift; sourceTree = "<group>"; };
		654D05FC28C403C00074D9D7 /* FontStyle.swift */ = {isa = PBXFileReference; fileEncoding = 4; lastKnownFileType = sourcecode.swift; path = FontStyle.swift; sourceTree = "<group>"; };
		654D05FD28C403C10074D9D7 /* LottieFileView.swift */ = {isa = PBXFileReference; fileEncoding = 4; lastKnownFileType = sourcecode.swift; path = LottieFileView.swift; sourceTree = "<group>"; };
		654D05FE28C403C10074D9D7 /* SnackBar.swift */ = {isa = PBXFileReference; fileEncoding = 4; lastKnownFileType = sourcecode.swift; path = SnackBar.swift; sourceTree = "<group>"; };
		654D060528C403D20074D9D7 /* RegisterScreen.swift */ = {isa = PBXFileReference; fileEncoding = 4; lastKnownFileType = sourcecode.swift; path = RegisterScreen.swift; sourceTree = "<group>"; };
		654D060628C403D30074D9D7 /* LoginScreen.swift */ = {isa = PBXFileReference; fileEncoding = 4; lastKnownFileType = sourcecode.swift; path = LoginScreen.swift; sourceTree = "<group>"; };
		654D060928C403E20074D9D7 /* HomeScreen.swift */ = {isa = PBXFileReference; fileEncoding = 4; lastKnownFileType = sourcecode.swift; path = HomeScreen.swift; sourceTree = "<group>"; };
		654D060A28C403E20074D9D7 /* Menu_view.swift */ = {isa = PBXFileReference; fileEncoding = 4; lastKnownFileType = sourcecode.swift; path = Menu_view.swift; sourceTree = "<group>"; };
		654D060B28C403E30074D9D7 /* TabView.swift */ = {isa = PBXFileReference; fileEncoding = 4; lastKnownFileType = sourcecode.swift; path = TabView.swift; sourceTree = "<group>"; };
		654D060F28C404400074D9D7 /* WelcomeScreen.swift */ = {isa = PBXFileReference; lastKnownFileType = sourcecode.swift; path = WelcomeScreen.swift; sourceTree = "<group>"; };
		654D061128C407210074D9D7 /* GoogleService-Info.plist */ = {isa = PBXFileReference; fileEncoding = 4; lastKnownFileType = text.plist.xml; path = "GoogleService-Info.plist"; sourceTree = "<group>"; };
		654D061928C48CB70074D9D7 /* ForgetPassword.swift */ = {isa = PBXFileReference; lastKnownFileType = sourcecode.swift; path = ForgetPassword.swift; sourceTree = "<group>"; };
		654D061B28C497CA0074D9D7 /* InputTextfieldView.swift */ = {isa = PBXFileReference; lastKnownFileType = sourcecode.swift; path = InputTextfieldView.swift; sourceTree = "<group>"; };
		654D062428C4BA4D0074D9D7 /* ListSearch.swift */ = {isa = PBXFileReference; lastKnownFileType = sourcecode.swift; path = ListSearch.swift; sourceTree = "<group>"; };
		654D062C28C5065B0074D9D7 /* ListNewsModels.swift */ = {isa = PBXFileReference; lastKnownFileType = sourcecode.swift; path = ListNewsModels.swift; sourceTree = "<group>"; };
		654D069628C5CFCC0074D9D7 /* launcher.png */ = {isa = PBXFileReference; lastKnownFileType = image.png; name = launcher.png; path = ../../../../Downloads/launcher.png; sourceTree = "<group>"; };
		654D069A28C5D1F50074D9D7 /* InputSecureFieldView.swift */ = {isa = PBXFileReference; lastKnownFileType = sourcecode.swift; path = InputSecureFieldView.swift; sourceTree = "<group>"; };
		654D069C28C5DF980074D9D7 /* ErrorView.swift */ = {isa = PBXFileReference; lastKnownFileType = sourcecode.swift; path = ErrorView.swift; sourceTree = "<group>"; };
		654D069E28C5E4810074D9D7 /* CustomButton.swift */ = {isa = PBXFileReference; lastKnownFileType = sourcecode.swift; path = CustomButton.swift; sourceTree = "<group>"; };
		654D06A028C5E9040074D9D7 /* sf-pro-text-semibold.ttf */ = {isa = PBXFileReference; lastKnownFileType = file; path = "sf-pro-text-semibold.ttf"; sourceTree = "<group>"; };
		654D06A128C5E9040074D9D7 /* sf-pro-text-regular.ttf */ = {isa = PBXFileReference; lastKnownFileType = file; path = "sf-pro-text-regular.ttf"; sourceTree = "<group>"; };
		654D06A528C5F1BE0074D9D7 /* ListNewsView.swift */ = {isa = PBXFileReference; lastKnownFileType = sourcecode.swift; path = ListNewsView.swift; sourceTree = "<group>"; };
		654D06A828C5F7260074D9D7 /* ImageCarouselView.swift */ = {isa = PBXFileReference; lastKnownFileType = sourcecode.swift; path = ImageCarouselView.swift; sourceTree = "<group>"; };
		654D06AC28C600E00074D9D7 /* ImageCarouselViewRounded.swift */ = {isa = PBXFileReference; lastKnownFileType = sourcecode.swift; path = ImageCarouselViewRounded.swift; sourceTree = "<group>"; };
		654D06AE28C604740074D9D7 /* CardView.swift */ = {isa = PBXFileReference; lastKnownFileType = sourcecode.swift; path = CardView.swift; sourceTree = "<group>"; };
		654D06B128C608460074D9D7 /* NewsViewModel.swift */ = {isa = PBXFileReference; lastKnownFileType = sourcecode.swift; path = NewsViewModel.swift; sourceTree = "<group>"; };
		7E966497183B6C87DF0BED7A /* Pods-news.release.xcconfig */ = {isa = PBXFileReference; includeInIndex = 1; lastKnownFileType = text.xcconfig; name = "Pods-news.release.xcconfig"; path = "Target Support Files/Pods-news/Pods-news.release.xcconfig"; sourceTree = "<group>"; };
		A56B0C34929DD4F52A419C17 /* Pods-news-newsUITests.release.xcconfig */ = {isa = PBXFileReference; includeInIndex = 1; lastKnownFileType = text.xcconfig; name = "Pods-news-newsUITests.release.xcconfig"; path = "Target Support Files/Pods-news-newsUITests/Pods-news-newsUITests.release.xcconfig"; sourceTree = "<group>"; };
		B795CBA377CB6A9FC80C7E84 /* Pods-newsTests.debug.xcconfig */ = {isa = PBXFileReference; includeInIndex = 1; lastKnownFileType = text.xcconfig; name = "Pods-newsTests.debug.xcconfig"; path = "Target Support Files/Pods-newsTests/Pods-newsTests.debug.xcconfig"; sourceTree = "<group>"; };
		B7CDAB70C054E6998FA9AE0F /* Pods-news-newsUITests.debug.xcconfig */ = {isa = PBXFileReference; includeInIndex = 1; lastKnownFileType = text.xcconfig; name = "Pods-news-newsUITests.debug.xcconfig"; path = "Target Support Files/Pods-news-newsUITests/Pods-news-newsUITests.debug.xcconfig"; sourceTree = "<group>"; };
		E9ABF06F8356E88EADB415B0 /* Pods_news_newsUITests.framework */ = {isa = PBXFileReference; explicitFileType = wrapper.framework; includeInIndex = 0; path = Pods_news_newsUITests.framework; sourceTree = BUILT_PRODUCTS_DIR; };
/* End PBXFileReference section */

/* Begin PBXFrameworksBuildPhase section */
		654D05A528C3FB860074D9D7 /* Frameworks */ = {
			isa = PBXFrameworksBuildPhase;
			buildActionMask = 2147483647;
			files = (
				789B6F643A6C06157A01ABAF /* Pods_news.framework in Frameworks */,
			);
			runOnlyForDeploymentPostprocessing = 0;
		};
		654D05BE28C3FB890074D9D7 /* Frameworks */ = {
			isa = PBXFrameworksBuildPhase;
			buildActionMask = 2147483647;
			files = (
				BE0EAF2754500585BE90A281 /* Pods_newsTests.framework in Frameworks */,
			);
			runOnlyForDeploymentPostprocessing = 0;
		};
		654D05C928C3FB890074D9D7 /* Frameworks */ = {
			isa = PBXFrameworksBuildPhase;
			buildActionMask = 2147483647;
			files = (
				AEC45D0D3C58ABBCEFCED899 /* Pods_news_newsUITests.framework in Frameworks */,
			);
			runOnlyForDeploymentPostprocessing = 0;
		};
/* End PBXFrameworksBuildPhase section */

/* Begin PBXGroup section */
		654D059F28C3FB860074D9D7 = {
			isa = PBXGroup;
			children = (
				654D05AA28C3FB860074D9D7 /* news */,
				654D05C428C3FB890074D9D7 /* newsTests */,
				654D05CF28C3FB890074D9D7 /* newsUITests */,
				654D05A928C3FB860074D9D7 /* Products */,
				90A3948B4F6EA18696717F11 /* Pods */,
				D46745D3D534FFEF067E101B /* Frameworks */,
			);
			sourceTree = "<group>";
		};
		654D05A928C3FB860074D9D7 /* Products */ = {
			isa = PBXGroup;
			children = (
				654D05A828C3FB860074D9D7 /* news.app */,
				654D05C128C3FB890074D9D7 /* newsTests.xctest */,
				654D05CC28C3FB890074D9D7 /* newsUITests.xctest */,
			);
			name = Products;
			sourceTree = "<group>";
		};
		654D05AA28C3FB860074D9D7 /* news */ = {
			isa = PBXGroup;
			children = (
				654D06B028C608260074D9D7 /* View Model */,
				654D062B28C506440074D9D7 /* Model */,
				654D05EB28C402F90074D9D7 /* View */,
				654D05AB28C3FB860074D9D7 /* AppDelegate.swift */,
				654D05AD28C3FB860074D9D7 /* SceneDelegate.swift */,
				654D05B228C3FB860074D9D7 /* ContentView.swift */,
				654D05B428C3FB890074D9D7 /* Assets.xcassets */,
				654D069628C5CFCC0074D9D7 /* launcher.png */,
				654D05B928C3FB890074D9D7 /* LaunchScreen.storyboard */,
				654D05BC28C3FB890074D9D7 /* Info.plist */,
				654D061128C407210074D9D7 /* GoogleService-Info.plist */,
				654D05AF28C3FB860074D9D7 /* news.xcdatamodeld */,
				654D05E428C402560074D9D7 /* Fonts */,
				654D05B628C3FB890074D9D7 /* Preview Content */,
			);
			path = news;
			sourceTree = "<group>";
		};
		654D05B628C3FB890074D9D7 /* Preview Content */ = {
			isa = PBXGroup;
			children = (
				654D05B728C3FB890074D9D7 /* Preview Assets.xcassets */,
			);
			path = "Preview Content";
			sourceTree = "<group>";
		};
		654D05C428C3FB890074D9D7 /* newsTests */ = {
			isa = PBXGroup;
			children = (
				654D05C528C3FB890074D9D7 /* newsTests.swift */,
				654D05C728C3FB890074D9D7 /* Info.plist */,
			);
			path = newsTests;
			sourceTree = "<group>";
		};
		654D05CF28C3FB890074D9D7 /* newsUITests */ = {
			isa = PBXGroup;
			children = (
				654D05D028C3FB890074D9D7 /* newsUITests.swift */,
				654D05D228C3FB890074D9D7 /* Info.plist */,
			);
			path = newsUITests;
			sourceTree = "<group>";
		};
		654D05E428C402560074D9D7 /* Fonts */ = {
			isa = PBXGroup;
			children = (
				654D06A128C5E9040074D9D7 /* sf-pro-text-regular.ttf */,
				654D06A028C5E9040074D9D7 /* sf-pro-text-semibold.ttf */,
				654D05EA28C402730074D9D7 /* Potential Bold.ttf */,
				654D05E928C402730074D9D7 /* Potential Light.ttf */,
				654D05E528C4026A0074D9D7 /* open-sans.bold.ttf */,
				654D05E628C4026B0074D9D7 /* open-sans.regular.ttf */,
			);
			path = Fonts;
			sourceTree = "<group>";
		};
		654D05EB28C402F90074D9D7 /* View */ = {
			isa = PBXGroup;
			children = (
				654D05F228C403640074D9D7 /* Utils */,
				654D05EC28C403000074D9D7 /* UI */,
			);
			path = View;
			sourceTree = "<group>";
		};
		654D05EC28C403000074D9D7 /* UI */ = {
			isa = PBXGroup;
			children = (
				654D062628C5054D0074D9D7 /* News */,
				654D05F028C403320074D9D7 /* Onboarding */,
				654D05EF28C403220074D9D7 /* Home */,
				654D05EE28C4031A0074D9D7 /* Auth */,
			);
			path = UI;
			sourceTree = "<group>";
		};
		654D05EE28C4031A0074D9D7 /* Auth */ = {
			isa = PBXGroup;
			children = (
				654D060628C403D30074D9D7 /* LoginScreen.swift */,
				654D060528C403D20074D9D7 /* RegisterScreen.swift */,
				654D061928C48CB70074D9D7 /* ForgetPassword.swift */,
			);
			path = Auth;
			sourceTree = "<group>";
		};
		654D05EF28C403220074D9D7 /* Home */ = {
			isa = PBXGroup;
			children = (
				654D060928C403E20074D9D7 /* HomeScreen.swift */,
				654D060A28C403E20074D9D7 /* Menu_view.swift */,
				654D060B28C403E30074D9D7 /* TabView.swift */,
				654D062428C4BA4D0074D9D7 /* ListSearch.swift */,
			);
			path = Home;
			sourceTree = "<group>";
		};
		654D05F028C403320074D9D7 /* Onboarding */ = {
			isa = PBXGroup;
			children = (
				654D060F28C404400074D9D7 /* WelcomeScreen.swift */,
			);
			path = Onboarding;
			sourceTree = "<group>";
		};
		654D05F228C403640074D9D7 /* Utils */ = {
			isa = PBXGroup;
			children = (
				654D06A728C5F70C0074D9D7 /* Carousel */,
				654D05F428C403770074D9D7 /* LottieFile */,
				654D05F328C4036B0074D9D7 /* Components */,
			);
			path = Utils;
			sourceTree = "<group>";
		};
		654D05F328C4036B0074D9D7 /* Components */ = {
			isa = PBXGroup;
			children = (
				654D05F928C403BE0074D9D7 /* Dictionary.swift */,
				654D05FC28C403C00074D9D7 /* FontStyle.swift */,
				654D05FD28C403C10074D9D7 /* LottieFileView.swift */,
				654D05FB28C403C00074D9D7 /* MyColor.swift */,
				654D05FA28C403BF0074D9D7 /* MyImage.swift */,
				654D05FE28C403C10074D9D7 /* SnackBar.swift */,
				654D061B28C497CA0074D9D7 /* InputTextfieldView.swift */,
				654D069A28C5D1F50074D9D7 /* InputSecureFieldView.swift */,
				654D069C28C5DF980074D9D7 /* ErrorView.swift */,
				654D069E28C5E4810074D9D7 /* CustomButton.swift */,
				654D06AE28C604740074D9D7 /* CardView.swift */,
			);
			path = Components;
			sourceTree = "<group>";
		};
		654D05F428C403770074D9D7 /* LottieFile */ = {
			isa = PBXGroup;
			children = (
				654D05F528C403B20074D9D7 /* 404-not-found-page.json */,
				654D05F628C403B20074D9D7 /* searching.json */,
			);
			path = LottieFile;
			sourceTree = "<group>";
		};
		654D062628C5054D0074D9D7 /* News */ = {
			isa = PBXGroup;
			children = (
				654D062828C505770074D9D7 /* Form */,
				654D06A428C5F1850074D9D7 /* Detail */,
				654D062728C505600074D9D7 /* List */,
			);
			path = News;
			sourceTree = "<group>";
		};
		654D062728C505600074D9D7 /* List */ = {
			isa = PBXGroup;
			children = (
				654D06A528C5F1BE0074D9D7 /* ListNewsView.swift */,
			);
			path = List;
			sourceTree = "<group>";
		};
		654D062828C505770074D9D7 /* Form */ = {
			isa = PBXGroup;
			children = (
			);
			path = Form;
			sourceTree = "<group>";
		};
		654D062B28C506440074D9D7 /* Model */ = {
			isa = PBXGroup;
			children = (
				654D062C28C5065B0074D9D7 /* ListNewsModels.swift */,
			);
			path = Model;
			sourceTree = "<group>";
		};
		654D06A428C5F1850074D9D7 /* Detail */ = {
			isa = PBXGroup;
			children = (
			);
			path = Detail;
			sourceTree = "<group>";
		};
		654D06A728C5F70C0074D9D7 /* Carousel */ = {
			isa = PBXGroup;
			children = (
				654D06A828C5F7260074D9D7 /* ImageCarouselView.swift */,
				654D06AC28C600E00074D9D7 /* ImageCarouselViewRounded.swift */,
			);
			path = Carousel;
			sourceTree = "<group>";
		};
		654D06B028C608260074D9D7 /* View Model */ = {
			isa = PBXGroup;
			children = (
				654D06B128C608460074D9D7 /* NewsViewModel.swift */,
			);
			path = "View Model";
			sourceTree = "<group>";
		};
		90A3948B4F6EA18696717F11 /* Pods */ = {
			isa = PBXGroup;
			children = (
				2A7151A256DD2B265E23F3D1 /* Pods-news.debug.xcconfig */,
				7E966497183B6C87DF0BED7A /* Pods-news.release.xcconfig */,
				B7CDAB70C054E6998FA9AE0F /* Pods-news-newsUITests.debug.xcconfig */,
				A56B0C34929DD4F52A419C17 /* Pods-news-newsUITests.release.xcconfig */,
				B795CBA377CB6A9FC80C7E84 /* Pods-newsTests.debug.xcconfig */,
				286F59A69D0344DA703811C6 /* Pods-newsTests.release.xcconfig */,
			);
			path = Pods;
			sourceTree = "<group>";
		};
		D46745D3D534FFEF067E101B /* Frameworks */ = {
			isa = PBXGroup;
			children = (
				5A1C5D699C95E32EE6925CD9 /* Pods_news.framework */,
				E9ABF06F8356E88EADB415B0 /* Pods_news_newsUITests.framework */,
				20891F509FD2922184FB4146 /* Pods_newsTests.framework */,
			);
			name = Frameworks;
			sourceTree = "<group>";
		};
/* End PBXGroup section */

/* Begin PBXNativeTarget section */
		654D05A728C3FB860074D9D7 /* news */ = {
			isa = PBXNativeTarget;
			buildConfigurationList = 654D05D528C3FB890074D9D7 /* Build configuration list for PBXNativeTarget "news" */;
			buildPhases = (
				783FF99C6439A51CAFF18E51 /* [CP] Check Pods Manifest.lock */,
				654D05A428C3FB860074D9D7 /* Sources */,
				654D05A528C3FB860074D9D7 /* Frameworks */,
				654D05A628C3FB860074D9D7 /* Resources */,
				297EAC8ECD7A8C07357F4C5E /* [CP] Embed Pods Frameworks */,
			);
			buildRules = (
			);
			dependencies = (
			);
			name = news;
			productName = news;
			productReference = 654D05A828C3FB860074D9D7 /* news.app */;
			productType = "com.apple.product-type.application";
		};
		654D05C028C3FB890074D9D7 /* newsTests */ = {
			isa = PBXNativeTarget;
			buildConfigurationList = 654D05D828C3FB890074D9D7 /* Build configuration list for PBXNativeTarget "newsTests" */;
			buildPhases = (
				DE6982472580E1C53ED58C49 /* [CP] Check Pods Manifest.lock */,
				654D05BD28C3FB890074D9D7 /* Sources */,
				654D05BE28C3FB890074D9D7 /* Frameworks */,
				654D05BF28C3FB890074D9D7 /* Resources */,
				1ECA9B1AA64D57E7C760E7F5 /* [CP] Embed Pods Frameworks */,
			);
			buildRules = (
			);
			dependencies = (
				654D05C328C3FB890074D9D7 /* PBXTargetDependency */,
			);
			name = newsTests;
			productName = newsTests;
			productReference = 654D05C128C3FB890074D9D7 /* newsTests.xctest */;
			productType = "com.apple.product-type.bundle.unit-test";
		};
		654D05CB28C3FB890074D9D7 /* newsUITests */ = {
			isa = PBXNativeTarget;
			buildConfigurationList = 654D05DB28C3FB890074D9D7 /* Build configuration list for PBXNativeTarget "newsUITests" */;
			buildPhases = (
				54CD05FD8074DC1573848162 /* [CP] Check Pods Manifest.lock */,
				654D05C828C3FB890074D9D7 /* Sources */,
				654D05C928C3FB890074D9D7 /* Frameworks */,
				654D05CA28C3FB890074D9D7 /* Resources */,
				3A6E64316FD48C5D561AFF98 /* [CP] Embed Pods Frameworks */,
			);
			buildRules = (
			);
			dependencies = (
				654D05CE28C3FB890074D9D7 /* PBXTargetDependency */,
			);
			name = newsUITests;
			productName = newsUITests;
			productReference = 654D05CC28C3FB890074D9D7 /* newsUITests.xctest */;
			productType = "com.apple.product-type.bundle.ui-testing";
		};
/* End PBXNativeTarget section */

/* Begin PBXProject section */
		654D05A028C3FB860074D9D7 /* Project object */ = {
			isa = PBXProject;
			attributes = {
				LastSwiftUpdateCheck = 1130;
				LastUpgradeCheck = 1130;
				ORGANIZATIONNAME = tgsatt;
				TargetAttributes = {
					654D05A728C3FB860074D9D7 = {
						CreatedOnToolsVersion = 11.3.1;
					};
					654D05C028C3FB890074D9D7 = {
						CreatedOnToolsVersion = 11.3.1;
						TestTargetID = 654D05A728C3FB860074D9D7;
					};
					654D05CB28C3FB890074D9D7 = {
						CreatedOnToolsVersion = 11.3.1;
						TestTargetID = 654D05A728C3FB860074D9D7;
					};
				};
			};
			buildConfigurationList = 654D05A328C3FB860074D9D7 /* Build configuration list for PBXProject "news" */;
			compatibilityVersion = "Xcode 9.3";
			developmentRegion = en;
			hasScannedForEncodings = 0;
			knownRegions = (
				en,
				Base,
			);
			mainGroup = 654D059F28C3FB860074D9D7;
			productRefGroup = 654D05A928C3FB860074D9D7 /* Products */;
			projectDirPath = "";
			projectRoot = "";
			targets = (
				654D05A728C3FB860074D9D7 /* news */,
				654D05C028C3FB890074D9D7 /* newsTests */,
				654D05CB28C3FB890074D9D7 /* newsUITests */,
			);
		};
/* End PBXProject section */

/* Begin PBXResourcesBuildPhase section */
		654D05A628C3FB860074D9D7 /* Resources */ = {
			isa = PBXResourcesBuildPhase;
			buildActionMask = 2147483647;
			files = (
				654D05F828C403B30074D9D7 /* searching.json in Resources */,
				654D05F728C403B30074D9D7 /* 404-not-found-page.json in Resources */,
				654D05BB28C3FB890074D9D7 /* LaunchScreen.storyboard in Resources */,
				654D05B828C3FB890074D9D7 /* Preview Assets.xcassets in Resources */,
				654D05B528C3FB890074D9D7 /* Assets.xcassets in Resources */,
				654D05E828C4026B0074D9D7 /* open-sans.regular.ttf in Resources */,
				654D069728C5CFCC0074D9D7 /* launcher.png in Resources */,
				654D05E728C4026B0074D9D7 /* open-sans.bold.ttf in Resources */,
				654D061228C407210074D9D7 /* GoogleService-Info.plist in Resources */,
			);
			runOnlyForDeploymentPostprocessing = 0;
		};
		654D05BF28C3FB890074D9D7 /* Resources */ = {
			isa = PBXResourcesBuildPhase;
			buildActionMask = 2147483647;
			files = (
			);
			runOnlyForDeploymentPostprocessing = 0;
		};
		654D05CA28C3FB890074D9D7 /* Resources */ = {
			isa = PBXResourcesBuildPhase;
			buildActionMask = 2147483647;
			files = (
			);
			runOnlyForDeploymentPostprocessing = 0;
		};
/* End PBXResourcesBuildPhase section */

/* Begin PBXShellScriptBuildPhase section */
		1ECA9B1AA64D57E7C760E7F5 /* [CP] Embed Pods Frameworks */ = {
			isa = PBXShellScriptBuildPhase;
			buildActionMask = 2147483647;
			files = (
			);
			inputFileListPaths = (
				"${PODS_ROOT}/Target Support Files/Pods-newsTests/Pods-newsTests-frameworks-${CONFIGURATION}-input-files.xcfilelist",
			);
			name = "[CP] Embed Pods Frameworks";
			outputFileListPaths = (
				"${PODS_ROOT}/Target Support Files/Pods-newsTests/Pods-newsTests-frameworks-${CONFIGURATION}-output-files.xcfilelist",
			);
			runOnlyForDeploymentPostprocessing = 0;
			shellPath = /bin/sh;
			shellScript = "\"${PODS_ROOT}/Target Support Files/Pods-newsTests/Pods-newsTests-frameworks.sh\"\n";
			showEnvVarsInLog = 0;
		};
		297EAC8ECD7A8C07357F4C5E /* [CP] Embed Pods Frameworks */ = {
			isa = PBXShellScriptBuildPhase;
			buildActionMask = 2147483647;
			files = (
			);
			inputFileListPaths = (
				"${PODS_ROOT}/Target Support Files/Pods-news/Pods-news-frameworks-${CONFIGURATION}-input-files.xcfilelist",
			);
			name = "[CP] Embed Pods Frameworks";
			outputFileListPaths = (
				"${PODS_ROOT}/Target Support Files/Pods-news/Pods-news-frameworks-${CONFIGURATION}-output-files.xcfilelist",
			);
			runOnlyForDeploymentPostprocessing = 0;
			shellPath = /bin/sh;
			shellScript = "\"${PODS_ROOT}/Target Support Files/Pods-news/Pods-news-frameworks.sh\"\n";
			showEnvVarsInLog = 0;
		};
		3A6E64316FD48C5D561AFF98 /* [CP] Embed Pods Frameworks */ = {
			isa = PBXShellScriptBuildPhase;
			buildActionMask = 2147483647;
			files = (
			);
			inputFileListPaths = (
				"${PODS_ROOT}/Target Support Files/Pods-news-newsUITests/Pods-news-newsUITests-frameworks-${CONFIGURATION}-input-files.xcfilelist",
			);
			name = "[CP] Embed Pods Frameworks";
			outputFileListPaths = (
				"${PODS_ROOT}/Target Support Files/Pods-news-newsUITests/Pods-news-newsUITests-frameworks-${CONFIGURATION}-output-files.xcfilelist",
			);
			runOnlyForDeploymentPostprocessing = 0;
			shellPath = /bin/sh;
			shellScript = "\"${PODS_ROOT}/Target Support Files/Pods-news-newsUITests/Pods-news-newsUITests-frameworks.sh\"\n";
			showEnvVarsInLog = 0;
		};
		54CD05FD8074DC1573848162 /* [CP] Check Pods Manifest.lock */ = {
			isa = PBXShellScriptBuildPhase;
			buildActionMask = 2147483647;
			files = (
			);
			inputFileListPaths = (
			);
			inputPaths = (
				"${PODS_PODFILE_DIR_PATH}/Podfile.lock",
				"${PODS_ROOT}/Manifest.lock",
			);
			name = "[CP] Check Pods Manifest.lock";
			outputFileListPaths = (
			);
			outputPaths = (
				"$(DERIVED_FILE_DIR)/Pods-news-newsUITests-checkManifestLockResult.txt",
			);
			runOnlyForDeploymentPostprocessing = 0;
			shellPath = /bin/sh;
			shellScript = "diff \"${PODS_PODFILE_DIR_PATH}/Podfile.lock\" \"${PODS_ROOT}/Manifest.lock\" > /dev/null\nif [ $? != 0 ] ; then\n    # print error to STDERR\n    echo \"error: The sandbox is not in sync with the Podfile.lock. Run 'pod install' or update your CocoaPods installation.\" >&2\n    exit 1\nfi\n# This output is used by Xcode 'outputs' to avoid re-running this script phase.\necho \"SUCCESS\" > \"${SCRIPT_OUTPUT_FILE_0}\"\n";
			showEnvVarsInLog = 0;
		};
		783FF99C6439A51CAFF18E51 /* [CP] Check Pods Manifest.lock */ = {
			isa = PBXShellScriptBuildPhase;
			buildActionMask = 2147483647;
			files = (
			);
			inputFileListPaths = (
			);
			inputPaths = (
				"${PODS_PODFILE_DIR_PATH}/Podfile.lock",
				"${PODS_ROOT}/Manifest.lock",
			);
			name = "[CP] Check Pods Manifest.lock";
			outputFileListPaths = (
			);
			outputPaths = (
				"$(DERIVED_FILE_DIR)/Pods-news-checkManifestLockResult.txt",
			);
			runOnlyForDeploymentPostprocessing = 0;
			shellPath = /bin/sh;
			shellScript = "diff \"${PODS_PODFILE_DIR_PATH}/Podfile.lock\" \"${PODS_ROOT}/Manifest.lock\" > /dev/null\nif [ $? != 0 ] ; then\n    # print error to STDERR\n    echo \"error: The sandbox is not in sync with the Podfile.lock. Run 'pod install' or update your CocoaPods installation.\" >&2\n    exit 1\nfi\n# This output is used by Xcode 'outputs' to avoid re-running this script phase.\necho \"SUCCESS\" > \"${SCRIPT_OUTPUT_FILE_0}\"\n";
			showEnvVarsInLog = 0;
		};
		DE6982472580E1C53ED58C49 /* [CP] Check Pods Manifest.lock */ = {
			isa = PBXShellScriptBuildPhase;
			buildActionMask = 2147483647;
			files = (
			);
			inputFileListPaths = (
			);
			inputPaths = (
				"${PODS_PODFILE_DIR_PATH}/Podfile.lock",
				"${PODS_ROOT}/Manifest.lock",
			);
			name = "[CP] Check Pods Manifest.lock";
			outputFileListPaths = (
			);
			outputPaths = (
				"$(DERIVED_FILE_DIR)/Pods-newsTests-checkManifestLockResult.txt",
			);
			runOnlyForDeploymentPostprocessing = 0;
			shellPath = /bin/sh;
			shellScript = "diff \"${PODS_PODFILE_DIR_PATH}/Podfile.lock\" \"${PODS_ROOT}/Manifest.lock\" > /dev/null\nif [ $? != 0 ] ; then\n    # print error to STDERR\n    echo \"error: The sandbox is not in sync with the Podfile.lock. Run 'pod install' or update your CocoaPods installation.\" >&2\n    exit 1\nfi\n# This output is used by Xcode 'outputs' to avoid re-running this script phase.\necho \"SUCCESS\" > \"${SCRIPT_OUTPUT_FILE_0}\"\n";
			showEnvVarsInLog = 0;
		};
/* End PBXShellScriptBuildPhase section */

/* Begin PBXSourcesBuildPhase section */
		654D05A428C3FB860074D9D7 /* Sources */ = {
			isa = PBXSourcesBuildPhase;
			buildActionMask = 2147483647;
			files = (
				654D05AC28C3FB860074D9D7 /* AppDelegate.swift in Sources */,
				654D06AF28C604740074D9D7 /* CardView.swift in Sources */,
				654D069B28C5D1F50074D9D7 /* InputSecureFieldView.swift in Sources */,
				654D060328C403C10074D9D7 /* LottieFileView.swift in Sources */,
				654D060428C403C10074D9D7 /* SnackBar.swift in Sources */,
				654D060D28C403E30074D9D7 /* Menu_view.swift in Sources */,
				654D060028C403C10074D9D7 /* MyImage.swift in Sources */,
				654D060228C403C10074D9D7 /* FontStyle.swift in Sources */,
				654D060828C403D30074D9D7 /* LoginScreen.swift in Sources */,
				654D060C28C403E30074D9D7 /* HomeScreen.swift in Sources */,
				654D06A628C5F1BE0074D9D7 /* ListNewsView.swift in Sources */,
				654D06B228C608460074D9D7 /* NewsViewModel.swift in Sources */,
				654D05FF28C403C10074D9D7 /* Dictionary.swift in Sources */,
				654D06A928C5F7260074D9D7 /* ImageCarouselView.swift in Sources */,
				654D060128C403C10074D9D7 /* MyColor.swift in Sources */,
				654D061028C404400074D9D7 /* WelcomeScreen.swift in Sources */,
				654D06AD28C600E00074D9D7 /* ImageCarouselViewRounded.swift in Sources */,
				654D062528C4BA4D0074D9D7 /* ListSearch.swift in Sources */,
				654D060E28C403E30074D9D7 /* TabView.swift in Sources */,
				654D060728C403D30074D9D7 /* RegisterScreen.swift in Sources */,
				654D061C28C497CA0074D9D7 /* InputTextfieldView.swift in Sources */,
				654D061A28C48CB70074D9D7 /* ForgetPassword.swift in Sources */,
				654D069F28C5E4810074D9D7 /* CustomButton.swift in Sources */,
				654D062D28C5065B0074D9D7 /* ListNewsModels.swift in Sources */,
				654D05AE28C3FB860074D9D7 /* SceneDelegate.swift in Sources */,
				654D05B328C3FB860074D9D7 /* ContentView.swift in Sources */,
				654D05B128C3FB860074D9D7 /* news.xcdatamodeld in Sources */,
				654D069D28C5DF980074D9D7 /* ErrorView.swift in Sources */,
			);
			runOnlyForDeploymentPostprocessing = 0;
		};
		654D05BD28C3FB890074D9D7 /* Sources */ = {
			isa = PBXSourcesBuildPhase;
			buildActionMask = 2147483647;
			files = (
				654D05C628C3FB890074D9D7 /* newsTests.swift in Sources */,
			);
			runOnlyForDeploymentPostprocessing = 0;
		};
		654D05C828C3FB890074D9D7 /* Sources */ = {
			isa = PBXSourcesBuildPhase;
			buildActionMask = 2147483647;
			files = (
				654D05D128C3FB890074D9D7 /* newsUITests.swift in Sources */,
			);
			runOnlyForDeploymentPostprocessing = 0;
		};
/* End PBXSourcesBuildPhase section */

/* Begin PBXTargetDependency section */
		654D05C328C3FB890074D9D7 /* PBXTargetDependency */ = {
			isa = PBXTargetDependency;
			target = 654D05A728C3FB860074D9D7 /* news */;
			targetProxy = 654D05C228C3FB890074D9D7 /* PBXContainerItemProxy */;
		};
		654D05CE28C3FB890074D9D7 /* PBXTargetDependency */ = {
			isa = PBXTargetDependency;
			target = 654D05A728C3FB860074D9D7 /* news */;
			targetProxy = 654D05CD28C3FB890074D9D7 /* PBXContainerItemProxy */;
		};
/* End PBXTargetDependency section */

/* Begin PBXVariantGroup section */
		654D05B928C3FB890074D9D7 /* LaunchScreen.storyboard */ = {
			isa = PBXVariantGroup;
			children = (
				654D05BA28C3FB890074D9D7 /* Base */,
			);
			name = LaunchScreen.storyboard;
			sourceTree = "<group>";
		};
/* End PBXVariantGroup section */

/* Begin XCBuildConfiguration section */
		654D05D328C3FB890074D9D7 /* Debug */ = {
			isa = XCBuildConfiguration;
			buildSettings = {
				ALWAYS_SEARCH_USER_PATHS = NO;
				CLANG_ANALYZER_NONNULL = YES;
				CLANG_ANALYZER_NUMBER_OBJECT_CONVERSION = YES_AGGRESSIVE;
				CLANG_CXX_LANGUAGE_STANDARD = "gnu++14";
				CLANG_CXX_LIBRARY = "libc++";
				CLANG_ENABLE_MODULES = YES;
				CLANG_ENABLE_OBJC_ARC = YES;
				CLANG_ENABLE_OBJC_WEAK = YES;
				CLANG_WARN_BLOCK_CAPTURE_AUTORELEASING = YES;
				CLANG_WARN_BOOL_CONVERSION = YES;
				CLANG_WARN_COMMA = YES;
				CLANG_WARN_CONSTANT_CONVERSION = YES;
				CLANG_WARN_DEPRECATED_OBJC_IMPLEMENTATIONS = YES;
				CLANG_WARN_DIRECT_OBJC_ISA_USAGE = YES_ERROR;
				CLANG_WARN_DOCUMENTATION_COMMENTS = YES;
				CLANG_WARN_EMPTY_BODY = YES;
				CLANG_WARN_ENUM_CONVERSION = YES;
				CLANG_WARN_INFINITE_RECURSION = YES;
				CLANG_WARN_INT_CONVERSION = YES;
				CLANG_WARN_NON_LITERAL_NULL_CONVERSION = YES;
				CLANG_WARN_OBJC_IMPLICIT_RETAIN_SELF = YES;
				CLANG_WARN_OBJC_LITERAL_CONVERSION = YES;
				CLANG_WARN_OBJC_ROOT_CLASS = YES_ERROR;
				CLANG_WARN_RANGE_LOOP_ANALYSIS = YES;
				CLANG_WARN_STRICT_PROTOTYPES = YES;
				CLANG_WARN_SUSPICIOUS_MOVE = YES;
				CLANG_WARN_UNGUARDED_AVAILABILITY = YES_AGGRESSIVE;
				CLANG_WARN_UNREACHABLE_CODE = YES;
				CLANG_WARN__DUPLICATE_METHOD_MATCH = YES;
				COPY_PHASE_STRIP = NO;
				DEBUG_INFORMATION_FORMAT = dwarf;
				ENABLE_STRICT_OBJC_MSGSEND = YES;
				ENABLE_TESTABILITY = YES;
				GCC_C_LANGUAGE_STANDARD = gnu11;
				GCC_DYNAMIC_NO_PIC = NO;
				GCC_NO_COMMON_BLOCKS = YES;
				GCC_OPTIMIZATION_LEVEL = 0;
				GCC_PREPROCESSOR_DEFINITIONS = (
					"DEBUG=1",
					"$(inherited)",
				);
				GCC_WARN_64_TO_32_BIT_CONVERSION = YES;
				GCC_WARN_ABOUT_RETURN_TYPE = YES_ERROR;
				GCC_WARN_UNDECLARED_SELECTOR = YES;
				GCC_WARN_UNINITIALIZED_AUTOS = YES_AGGRESSIVE;
				GCC_WARN_UNUSED_FUNCTION = YES;
				GCC_WARN_UNUSED_VARIABLE = YES;
				IPHONEOS_DEPLOYMENT_TARGET = 13.2;
				MTL_ENABLE_DEBUG_INFO = INCLUDE_SOURCE;
				MTL_FAST_MATH = YES;
				ONLY_ACTIVE_ARCH = YES;
				SDKROOT = iphoneos;
				SWIFT_ACTIVE_COMPILATION_CONDITIONS = DEBUG;
				SWIFT_OPTIMIZATION_LEVEL = "-Onone";
			};
			name = Debug;
		};
		654D05D428C3FB890074D9D7 /* Release */ = {
			isa = XCBuildConfiguration;
			buildSettings = {
				ALWAYS_SEARCH_USER_PATHS = NO;
				CLANG_ANALYZER_NONNULL = YES;
				CLANG_ANALYZER_NUMBER_OBJECT_CONVERSION = YES_AGGRESSIVE;
				CLANG_CXX_LANGUAGE_STANDARD = "gnu++14";
				CLANG_CXX_LIBRARY = "libc++";
				CLANG_ENABLE_MODULES = YES;
				CLANG_ENABLE_OBJC_ARC = YES;
				CLANG_ENABLE_OBJC_WEAK = YES;
				CLANG_WARN_BLOCK_CAPTURE_AUTORELEASING = YES;
				CLANG_WARN_BOOL_CONVERSION = YES;
				CLANG_WARN_COMMA = YES;
				CLANG_WARN_CONSTANT_CONVERSION = YES;
				CLANG_WARN_DEPRECATED_OBJC_IMPLEMENTATIONS = YES;
				CLANG_WARN_DIRECT_OBJC_ISA_USAGE = YES_ERROR;
				CLANG_WARN_DOCUMENTATION_COMMENTS = YES;
				CLANG_WARN_EMPTY_BODY = YES;
				CLANG_WARN_ENUM_CONVERSION = YES;
				CLANG_WARN_INFINITE_RECURSION = YES;
				CLANG_WARN_INT_CONVERSION = YES;
				CLANG_WARN_NON_LITERAL_NULL_CONVERSION = YES;
				CLANG_WARN_OBJC_IMPLICIT_RETAIN_SELF = YES;
				CLANG_WARN_OBJC_LITERAL_CONVERSION = YES;
				CLANG_WARN_OBJC_ROOT_CLASS = YES_ERROR;
				CLANG_WARN_RANGE_LOOP_ANALYSIS = YES;
				CLANG_WARN_STRICT_PROTOTYPES = YES;
				CLANG_WARN_SUSPICIOUS_MOVE = YES;
				CLANG_WARN_UNGUARDED_AVAILABILITY = YES_AGGRESSIVE;
				CLANG_WARN_UNREACHABLE_CODE = YES;
				CLANG_WARN__DUPLICATE_METHOD_MATCH = YES;
				COPY_PHASE_STRIP = NO;
				DEBUG_INFORMATION_FORMAT = "dwarf-with-dsym";
				ENABLE_NS_ASSERTIONS = NO;
				ENABLE_STRICT_OBJC_MSGSEND = YES;
				GCC_C_LANGUAGE_STANDARD = gnu11;
				GCC_NO_COMMON_BLOCKS = YES;
				GCC_WARN_64_TO_32_BIT_CONVERSION = YES;
				GCC_WARN_ABOUT_RETURN_TYPE = YES_ERROR;
				GCC_WARN_UNDECLARED_SELECTOR = YES;
				GCC_WARN_UNINITIALIZED_AUTOS = YES_AGGRESSIVE;
				GCC_WARN_UNUSED_FUNCTION = YES;
				GCC_WARN_UNUSED_VARIABLE = YES;
				IPHONEOS_DEPLOYMENT_TARGET = 13.2;
				MTL_ENABLE_DEBUG_INFO = NO;
				MTL_FAST_MATH = YES;
				SDKROOT = iphoneos;
				SWIFT_COMPILATION_MODE = wholemodule;
				SWIFT_OPTIMIZATION_LEVEL = "-O";
				VALIDATE_PRODUCT = YES;
			};
			name = Release;
		};
		654D05D628C3FB890074D9D7 /* Debug */ = {
			isa = XCBuildConfiguration;
			baseConfigurationReference = 2A7151A256DD2B265E23F3D1 /* Pods-news.debug.xcconfig */;
			buildSettings = {
				ASSETCATALOG_COMPILER_APPICON_NAME = AppIcon;
				CODE_SIGN_STYLE = Automatic;
				DEVELOPMENT_ASSET_PATHS = "\"news/Preview Content\"";
				DEVELOPMENT_TEAM = KXNB23397F;
				ENABLE_PREVIEWS = YES;
				INFOPLIST_FILE = news/Info.plist;
				LD_RUNPATH_SEARCH_PATHS = (
					"$(inherited)",
					"@executable_path/Frameworks",
				);
				PRODUCT_BUNDLE_IDENTIFIER = com.tgsatt.news;
				PRODUCT_NAME = "$(TARGET_NAME)";
				SWIFT_VERSION = 5.0;
				TARGETED_DEVICE_FAMILY = "1,2";
			};
			name = Debug;
		};
		654D05D728C3FB890074D9D7 /* Release */ = {
			isa = XCBuildConfiguration;
			baseConfigurationReference = 7E966497183B6C87DF0BED7A /* Pods-news.release.xcconfig */;
			buildSettings = {
				ASSETCATALOG_COMPILER_APPICON_NAME = AppIcon;
				CODE_SIGN_STYLE = Automatic;
				DEVELOPMENT_ASSET_PATHS = "\"news/Preview Content\"";
				DEVELOPMENT_TEAM = KXNB23397F;
				ENABLE_PREVIEWS = YES;
				INFOPLIST_FILE = news/Info.plist;
				LD_RUNPATH_SEARCH_PATHS = (
					"$(inherited)",
					"@executable_path/Frameworks",
				);
				PRODUCT_BUNDLE_IDENTIFIER = com.tgsatt.news;
				PRODUCT_NAME = "$(TARGET_NAME)";
				SWIFT_VERSION = 5.0;
				TARGETED_DEVICE_FAMILY = "1,2";
			};
			name = Release;
		};
		654D05D928C3FB890074D9D7 /* Debug */ = {
			isa = XCBuildConfiguration;
			baseConfigurationReference = B795CBA377CB6A9FC80C7E84 /* Pods-newsTests.debug.xcconfig */;
			buildSettings = {
				ALWAYS_EMBED_SWIFT_STANDARD_LIBRARIES = YES;
				BUNDLE_LOADER = "$(TEST_HOST)";
				CODE_SIGN_STYLE = Automatic;
				INFOPLIST_FILE = newsTests/Info.plist;
				IPHONEOS_DEPLOYMENT_TARGET = 13.2;
				LD_RUNPATH_SEARCH_PATHS = (
					"$(inherited)",
					"@executable_path/Frameworks",
					"@loader_path/Frameworks",
				);
				PRODUCT_BUNDLE_IDENTIFIER = com.tgsatt.newsTests;
				PRODUCT_NAME = "$(TARGET_NAME)";
				SWIFT_VERSION = 5.0;
				TARGETED_DEVICE_FAMILY = "1,2";
				TEST_HOST = "$(BUILT_PRODUCTS_DIR)/news.app/news";
			};
			name = Debug;
		};
		654D05DA28C3FB890074D9D7 /* Release */ = {
			isa = XCBuildConfiguration;
			baseConfigurationReference = 286F59A69D0344DA703811C6 /* Pods-newsTests.release.xcconfig */;
			buildSettings = {
				ALWAYS_EMBED_SWIFT_STANDARD_LIBRARIES = YES;
				BUNDLE_LOADER = "$(TEST_HOST)";
				CODE_SIGN_STYLE = Automatic;
				INFOPLIST_FILE = newsTests/Info.plist;
				IPHONEOS_DEPLOYMENT_TARGET = 13.2;
				LD_RUNPATH_SEARCH_PATHS = (
					"$(inherited)",
					"@executable_path/Frameworks",
					"@loader_path/Frameworks",
				);
				PRODUCT_BUNDLE_IDENTIFIER = com.tgsatt.newsTests;
				PRODUCT_NAME = "$(TARGET_NAME)";
				SWIFT_VERSION = 5.0;
				TARGETED_DEVICE_FAMILY = "1,2";
				TEST_HOST = "$(BUILT_PRODUCTS_DIR)/news.app/news";
			};
			name = Release;
		};
		654D05DC28C3FB890074D9D7 /* Debug */ = {
			isa = XCBuildConfiguration;
			baseConfigurationReference = B7CDAB70C054E6998FA9AE0F /* Pods-news-newsUITests.debug.xcconfig */;
			buildSettings = {
				ALWAYS_EMBED_SWIFT_STANDARD_LIBRARIES = YES;
				CODE_SIGN_STYLE = Automatic;
				INFOPLIST_FILE = newsUITests/Info.plist;
				LD_RUNPATH_SEARCH_PATHS = (
					"$(inherited)",
					"@executable_path/Frameworks",
					"@loader_path/Frameworks",
				);
				PRODUCT_BUNDLE_IDENTIFIER = com.tgsatt.newsUITests;
				PRODUCT_NAME = "$(TARGET_NAME)";
				SWIFT_VERSION = 5.0;
				TARGETED_DEVICE_FAMILY = "1,2";
				TEST_TARGET_NAME = news;
			};
			name = Debug;
		};
		654D05DD28C3FB890074D9D7 /* Release */ = {
			isa = XCBuildConfiguration;
			baseConfigurationReference = A56B0C34929DD4F52A419C17 /* Pods-news-newsUITests.release.xcconfig */;
			buildSettings = {
				ALWAYS_EMBED_SWIFT_STANDARD_LIBRARIES = YES;
				CODE_SIGN_STYLE = Automatic;
				INFOPLIST_FILE = newsUITests/Info.plist;
				LD_RUNPATH_SEARCH_PATHS = (
					"$(inherited)",
					"@executable_path/Frameworks",
					"@loader_path/Frameworks",
				);
				PRODUCT_BUNDLE_IDENTIFIER = com.tgsatt.newsUITests;
				PRODUCT_NAME = "$(TARGET_NAME)";
				SWIFT_VERSION = 5.0;
				TARGETED_DEVICE_FAMILY = "1,2";
				TEST_TARGET_NAME = news;
			};
			name = Release;
		};
/* End XCBuildConfiguration section */

/* Begin XCConfigurationList section */
		654D05A328C3FB860074D9D7 /* Build configuration list for PBXProject "news" */ = {
			isa = XCConfigurationList;
			buildConfigurations = (
				654D05D328C3FB890074D9D7 /* Debug */,
				654D05D428C3FB890074D9D7 /* Release */,
			);
			defaultConfigurationIsVisible = 0;
			defaultConfigurationName = Release;
		};
		654D05D528C3FB890074D9D7 /* Build configuration list for PBXNativeTarget "news" */ = {
			isa = XCConfigurationList;
			buildConfigurations = (
				654D05D628C3FB890074D9D7 /* Debug */,
				654D05D728C3FB890074D9D7 /* Release */,
			);
			defaultConfigurationIsVisible = 0;
			defaultConfigurationName = Release;
		};
		654D05D828C3FB890074D9D7 /* Build configuration list for PBXNativeTarget "newsTests" */ = {
			isa = XCConfigurationList;
			buildConfigurations = (
				654D05D928C3FB890074D9D7 /* Debug */,
				654D05DA28C3FB890074D9D7 /* Release */,
			);
			defaultConfigurationIsVisible = 0;
			defaultConfigurationName = Release;
		};
		654D05DB28C3FB890074D9D7 /* Build configuration list for PBXNativeTarget "newsUITests" */ = {
			isa = XCConfigurationList;
			buildConfigurations = (
				654D05DC28C3FB890074D9D7 /* Debug */,
				654D05DD28C3FB890074D9D7 /* Release */,
			);
			defaultConfigurationIsVisible = 0;
			defaultConfigurationName = Release;
		};
/* End XCConfigurationList section */

/* Begin XCVersionGroup section */
		654D05AF28C3FB860074D9D7 /* news.xcdatamodeld */ = {
			isa = XCVersionGroup;
			children = (
				654D05B028C3FB860074D9D7 /* news.xcdatamodel */,
			);
			currentVersion = 654D05B028C3FB860074D9D7 /* news.xcdatamodel */;
			path = news.xcdatamodeld;
			sourceTree = "<group>";
			versionGroupType = wrapper.xcdatamodel;
		};
/* End XCVersionGroup section */
	};
	rootObject = 654D05A028C3FB860074D9D7 /* Project object */;
}
